
Microsoft Visual Studio Solution File, Format Version 12.00
# Visual Studio Version 17
VisualStudioVersion = 17.13.35931.197 d17.13
MinimumVisualStudioVersion = 10.0.40219.1
Project("{8BC9CEB8-8B4A-11D0-8D11-00A0C91BC942}") = "ConsoleApplication_SampleCode_cpp", "ConsoleApplication_SampleCode_cpp\ConsoleApplication_SampleCode_cpp.vcxproj", "{ABEF3D54-F013-49B2-8212-BA3FB216869E}"
EndProject
Global
	GlobalSection(SolutionConfigurationPlatforms) = preSolution
		Debug|x64 = Debug|x64
		Debug|x86 = Debug|x86
		Release|x64 = Release|x64
		Release|x86 = Release|x86
	EndGlobalSection
	GlobalSection(ProjectConfigurationPlatforms) = postSolution
		{ABEF3D54-F013-49B2-8212-BA3FB216869E}.Debug|x64.ActiveCfg = Debug|x64
		{ABEF3D54-F013-49B2-8212-BA3FB216869E}.Debug|x64.Build.0 = Debug|x64
		{ABEF3D54-F013-49B2-8212-BA3FB216869E}.Debug|x86.ActiveCfg = Debug|Win32
		{ABEF3D54-F013-49B2-8212-BA3FB216869E}.Debug|x86.Build.0 = Debug|Win32
		{ABEF3D54-F013-49B2-8212-BA3FB216869E}.Release|x64.ActiveCfg = Release|x64
		{ABEF3D54-F013-49B2-8212-BA3FB216869E}.Release|x64.Build.0 = Release|x64
		{ABEF3D54-F013-49B2-8212-BA3FB216869E}.Release|x86.ActiveCfg = Release|Win32
		{ABEF3D54-F013-49B2-8212-BA3FB216869E}.Release|x86.Build.0 = Release|Win32
	EndGlobalSection
	GlobalSection(SolutionProperties) = preSolution
		HideSolutionNode = FALSE
	EndGlobalSection
	GlobalSection(ExtensibilityGlobals) = postSolution
		SolutionGuid = {F50F9892-A959-4EFA-9FC7-C8BB5E067C27}
	EndGlobalSection
EndGlobal
